
Microsoft Visual Studio Solution File, Format Version 12.00
# Visual Studio Version 17
VisualStudioVersion = 17.13.35605.110
MinimumVisualStudioVersion = 10.0.40219.1
Project("{FAE04EC0-301F-11D3-BF4B-00C04F79EFBC}") = "Mizon.API", "Mizon.API\Mizon.API.csproj", "{55020EDA-D3FC-419B-AC60-0D030B47992D}"
EndProject
Project("{FAE04EC0-301F-11D3-BF4B-00C04F79EFBC}") = "Mizon.API.Client", "Mizon.API.Client\Mizon.API.Client.csproj", "{D3BA4EFD-5066-4E9A-8BAE-60B4567E63BD}"
EndProject
Global
	GlobalSection(SolutionConfigurationPlatforms) = preSolution
		Debug|Any CPU = Debug|Any CPU
		Release|Any CPU = Release|Any CPU
	EndGlobalSection
	GlobalSection(ProjectConfigurationPlatforms) = postSolution
		{55020EDA-D3FC-419B-AC60-0D030B47992D}.Debug|Any CPU.ActiveCfg = Debug|Any CPU
		{55020EDA-D3FC-419B-AC60-0D030B47992D}.Debug|Any CPU.Build.0 = Debug|Any CPU
		{55020EDA-D3FC-419B-AC60-0D030B47992D}.Release|Any CPU.ActiveCfg = Release|Any CPU
		{55020EDA-D3FC-419B-AC60-0D030B47992D}.Release|Any CPU.Build.0 = Release|Any CPU
		{D3BA4EFD-5066-4E9A-8BAE-60B4567E63BD}.Debug|Any CPU.ActiveCfg = Debug|Any CPU
		{D3BA4EFD-5066-4E9A-8BAE-60B4567E63BD}.Debug|Any CPU.Build.0 = Debug|Any CPU
		{D3BA4EFD-5066-4E9A-8BAE-60B4567E63BD}.Release|Any CPU.ActiveCfg = Release|Any CPU
		{D3BA4EFD-5066-4E9A-8BAE-60B4567E63BD}.Release|Any CPU.Build.0 = Release|Any CPU
	EndGlobalSection
	GlobalSection(SolutionProperties) = preSolution
		HideSolutionNode = FALSE
	EndGlobalSection
	GlobalSection(ExtensibilityGlobals) = postSolution
		SolutionGuid = {4748B948-8D5D-4658-A5AA-19147393599A}
	EndGlobalSection
EndGlobal
